
Microsoft Visual Studio Solution File, Format Version 12.00
# Visual Studio Version 16
VisualStudioVersion = 16.0.31005.135
MinimumVisualStudioVersion = 10.0.40219.1
Project("{FAE04EC0-301F-11D3-BF4B-00C04F79EFBC}") = "NodeOrders500_HW4", "NodeOrders500_HW4\NodeOrders500_HW4.csproj", "{72627F30-E525-4CD4-B9C4-A6A96BCB5306}"
EndProject
Global
	GlobalSection(SolutionConfigurationPlatforms) = preSolution
		Debug|Any CPU = Debug|Any CPU
		Release|Any CPU = Release|Any CPU
	EndGlobalSection
	GlobalSection(ProjectConfigurationPlatforms) = postSolution
		{72627F30-E525-4CD4-B9C4-A6A96BCB5306}.Debug|Any CPU.ActiveCfg = Debug|Any CPU
		{72627F30-E525-4CD4-B9C4-A6A96BCB5306}.Debug|Any CPU.Build.0 = Debug|Any CPU
		{72627F30-E525-4CD4-B9C4-A6A96BCB5306}.Release|Any CPU.ActiveCfg = Release|Any CPU
		{72627F30-E525-4CD4-B9C4-A6A96BCB5306}.Release|Any CPU.Build.0 = Release|Any CPU
	EndGlobalSection
	GlobalSection(SolutionProperties) = preSolution
		HideSolutionNode = FALSE
	EndGlobalSection
	GlobalSection(ExtensibilityGlobals) = postSolution
		SolutionGuid = {F17EA549-64A6-4942-B8F3-87EF492E1431}
	EndGlobalSection
EndGlobal
